
Microsoft Visual Studio Solution File, Format Version 12.00
# Visual Studio Version 16
VisualStudioVersion = 16.0.29709.97
MinimumVisualStudioVersion = 10.0.40219.1
Project("{9A19103F-16F7-4668-BE54-9A1E7A4F7556}") = "git-an", "git-an\git-an.csproj", "{CB927615-5935-40DB-AEA0-DE840ADC2C7F}"
EndProject
Project("{9A19103F-16F7-4668-BE54-9A1E7A4F7556}") = "Analyzer.Git.Web.Api", "Analyzer.Git.Web.Api\Analyzer.Git.Web.Api.csproj", "{44CCA717-6A5F-4499-90AB-FE2A03995E01}"
EndProject
Project("{9A19103F-16F7-4668-BE54-9A1E7A4F7556}") = "Analyzer.Git.Application", "Analyzer.Git.Application\Analyzer.Git.Application.csproj", "{DF94EA75-C8C1-4F04-A019-CA7236344470}"
EndProject
Project("{9A19103F-16F7-4668-BE54-9A1E7A4F7556}") = "Analyzer.Git.IntegrationTests", "Analyzer.Git.IntegrationTests\Analyzer.Git.IntegrationTests.csproj", "{611010A4-502E-4218-8B6E-766AEA3F791F}"
EndProject
Project("{9A19103F-16F7-4668-BE54-9A1E7A4F7556}") = "Analyzer.GitLab.Web.Api", "Analyzer.GitLab.Web.Api\Analyzer.GitLab.Web.Api.csproj", "{7B6BBFA0-0E07-4A04-B8B0-AB3C9199BFC0}"
EndProject
Project("{9A19103F-16F7-4668-BE54-9A1E7A4F7556}") = "GitLabApiClient", "GitLabApiClient\GitLabApiClient.csproj", "{0145D84C-703A-4362-B4BF-D2EE837AD410}"
EndProject
Project("{9A19103F-16F7-4668-BE54-9A1E7A4F7556}") = "Analyzer.Gitlab.Application", "Analyzer.Gitlab.Application\Analyzer.Gitlab.Application.csproj", "{55D36261-54EF-4339-8DB5-973CDCE1F624}"
EndProject
Project("{9A19103F-16F7-4668-BE54-9A1E7A4F7556}") = "Analyzer.Jira.Web.Api", "Analyzer.Jira.Web.Api\Analyzer.Jira.Web.Api.csproj", "{CD1113BA-AA92-44F9-A9A8-33365A06CF3B}"
EndProject
Project("{9A19103F-16F7-4668-BE54-9A1E7A4F7556}") = "Analyzer.Jira.IntegrationTests", "Analyzer.Jira.IntegrationTests\Analyzer.Jira.IntegrationTests.csproj", "{3BAEB8C7-BFFE-4400-B53B-9B2C36A2E840}"
EndProject
Project("{2150E333-8FDC-42A3-9474-1A3956D46DE8}") = "Jira", "Jira", "{01492A21-4AA2-46AD-9F6E-D2AEBEBAFF67}"
EndProject
Project("{2150E333-8FDC-42A3-9474-1A3956D46DE8}") = "Git", "Git", "{A0C3571E-D386-40CF-89A7-A44A256CEACF}"
EndProject
Project("{2150E333-8FDC-42A3-9474-1A3956D46DE8}") = "Gitlab", "Gitlab", "{4E81D1E8-6FBF-492C-B03F-E23FB2546684}"
EndProject
Project("{9A19103F-16F7-4668-BE54-9A1E7A4F7556}") = "Analyzer.Gitlab.IntegrationTests", "Analyzer.Gitlab.IntegrationTests\Analyzer.Gitlab.IntegrationTests.csproj", "{48AC17B2-805D-449D-87C9-436677540CA2}"
EndProject
Project("{9A19103F-16F7-4668-BE54-9A1E7A4F7556}") = "Analyzer.Jira.Application", "Analyzer.Jira.Application\Analyzer.Jira.Application.csproj", "{E79CE1D8-C635-443C-916B-96C9D4386DC3}"
EndProject
Global
	GlobalSection(SolutionConfigurationPlatforms) = preSolution
		Debug|Any CPU = Debug|Any CPU
		Release|Any CPU = Release|Any CPU
	EndGlobalSection
	GlobalSection(ProjectConfigurationPlatforms) = postSolution
		{CB927615-5935-40DB-AEA0-DE840ADC2C7F}.Debug|Any CPU.ActiveCfg = Debug|Any CPU
		{CB927615-5935-40DB-AEA0-DE840ADC2C7F}.Debug|Any CPU.Build.0 = Debug|Any CPU
		{CB927615-5935-40DB-AEA0-DE840ADC2C7F}.Release|Any CPU.ActiveCfg = Release|Any CPU
		{CB927615-5935-40DB-AEA0-DE840ADC2C7F}.Release|Any CPU.Build.0 = Release|Any CPU
		{44CCA717-6A5F-4499-90AB-FE2A03995E01}.Debug|Any CPU.ActiveCfg = Debug|Any CPU
		{44CCA717-6A5F-4499-90AB-FE2A03995E01}.Debug|Any CPU.Build.0 = Debug|Any CPU
		{44CCA717-6A5F-4499-90AB-FE2A03995E01}.Release|Any CPU.ActiveCfg = Release|Any CPU
		{44CCA717-6A5F-4499-90AB-FE2A03995E01}.Release|Any CPU.Build.0 = Release|Any CPU
		{DF94EA75-C8C1-4F04-A019-CA7236344470}.Debug|Any CPU.ActiveCfg = Debug|Any CPU
		{DF94EA75-C8C1-4F04-A019-CA7236344470}.Debug|Any CPU.Build.0 = Debug|Any CPU
		{DF94EA75-C8C1-4F04-A019-CA7236344470}.Release|Any CPU.ActiveCfg = Release|Any CPU
		{DF94EA75-C8C1-4F04-A019-CA7236344470}.Release|Any CPU.Build.0 = Release|Any CPU
		{611010A4-502E-4218-8B6E-766AEA3F791F}.Debug|Any CPU.ActiveCfg = Debug|Any CPU
		{611010A4-502E-4218-8B6E-766AEA3F791F}.Debug|Any CPU.Build.0 = Debug|Any CPU
		{611010A4-502E-4218-8B6E-766AEA3F791F}.Release|Any CPU.ActiveCfg = Release|Any CPU
		{611010A4-502E-4218-8B6E-766AEA3F791F}.Release|Any CPU.Build.0 = Release|Any CPU
		{7B6BBFA0-0E07-4A04-B8B0-AB3C9199BFC0}.Debug|Any CPU.ActiveCfg = Debug|Any CPU
		{7B6BBFA0-0E07-4A04-B8B0-AB3C9199BFC0}.Debug|Any CPU.Build.0 = Debug|Any CPU
		{7B6BBFA0-0E07-4A04-B8B0-AB3C9199BFC0}.Release|Any CPU.ActiveCfg = Release|Any CPU
		{7B6BBFA0-0E07-4A04-B8B0-AB3C9199BFC0}.Release|Any CPU.Build.0 = Release|Any CPU
		{0145D84C-703A-4362-B4BF-D2EE837AD410}.Debug|Any CPU.ActiveCfg = Debug|Any CPU
		{0145D84C-703A-4362-B4BF-D2EE837AD410}.Debug|Any CPU.Build.0 = Debug|Any CPU
		{0145D84C-703A-4362-B4BF-D2EE837AD410}.Release|Any CPU.ActiveCfg = Release|Any CPU
		{0145D84C-703A-4362-B4BF-D2EE837AD410}.Release|Any CPU.Build.0 = Release|Any CPU
		{55D36261-54EF-4339-8DB5-973CDCE1F624}.Debug|Any CPU.ActiveCfg = Debug|Any CPU
		{55D36261-54EF-4339-8DB5-973CDCE1F624}.Debug|Any CPU.Build.0 = Debug|Any CPU
		{55D36261-54EF-4339-8DB5-973CDCE1F624}.Release|Any CPU.ActiveCfg = Release|Any CPU
		{55D36261-54EF-4339-8DB5-973CDCE1F624}.Release|Any CPU.Build.0 = Release|Any CPU
		{CD1113BA-AA92-44F9-A9A8-33365A06CF3B}.Debug|Any CPU.ActiveCfg = Debug|Any CPU
		{CD1113BA-AA92-44F9-A9A8-33365A06CF3B}.Debug|Any CPU.Build.0 = Debug|Any CPU
		{CD1113BA-AA92-44F9-A9A8-33365A06CF3B}.Release|Any CPU.ActiveCfg = Release|Any CPU
		{CD1113BA-AA92-44F9-A9A8-33365A06CF3B}.Release|Any CPU.Build.0 = Release|Any CPU
		{3BAEB8C7-BFFE-4400-B53B-9B2C36A2E840}.Debug|Any CPU.ActiveCfg = Debug|Any CPU
		{3BAEB8C7-BFFE-4400-B53B-9B2C36A2E840}.Debug|Any CPU.Build.0 = Debug|Any CPU
		{3BAEB8C7-BFFE-4400-B53B-9B2C36A2E840}.Release|Any CPU.ActiveCfg = Release|Any CPU
		{3BAEB8C7-BFFE-4400-B53B-9B2C36A2E840}.Release|Any CPU.Build.0 = Release|Any CPU
		{48AC17B2-805D-449D-87C9-436677540CA2}.Debug|Any CPU.ActiveCfg = Debug|Any CPU
		{48AC17B2-805D-449D-87C9-436677540CA2}.Debug|Any CPU.Build.0 = Debug|Any CPU
		{48AC17B2-805D-449D-87C9-436677540CA2}.Release|Any CPU.ActiveCfg = Release|Any CPU
		{48AC17B2-805D-449D-87C9-436677540CA2}.Release|Any CPU.Build.0 = Release|Any CPU
		{E79CE1D8-C635-443C-916B-96C9D4386DC3}.Debug|Any CPU.ActiveCfg = Debug|Any CPU
		{E79CE1D8-C635-443C-916B-96C9D4386DC3}.Debug|Any CPU.Build.0 = Debug|Any CPU
		{E79CE1D8-C635-443C-916B-96C9D4386DC3}.Release|Any CPU.ActiveCfg = Release|Any CPU
		{E79CE1D8-C635-443C-916B-96C9D4386DC3}.Release|Any CPU.Build.0 = Release|Any CPU
	EndGlobalSection
	GlobalSection(SolutionProperties) = preSolution
		HideSolutionNode = FALSE
	EndGlobalSection
	GlobalSection(NestedProjects) = preSolution
		{CB927615-5935-40DB-AEA0-DE840ADC2C7F} = {A0C3571E-D386-40CF-89A7-A44A256CEACF}
		{44CCA717-6A5F-4499-90AB-FE2A03995E01} = {A0C3571E-D386-40CF-89A7-A44A256CEACF}
		{DF94EA75-C8C1-4F04-A019-CA7236344470} = {A0C3571E-D386-40CF-89A7-A44A256CEACF}
		{611010A4-502E-4218-8B6E-766AEA3F791F} = {A0C3571E-D386-40CF-89A7-A44A256CEACF}
		{0145D84C-703A-4362-B4BF-D2EE837AD410} = {4E81D1E8-6FBF-492C-B03F-E23FB2546684}
		{55D36261-54EF-4339-8DB5-973CDCE1F624} = {4E81D1E8-6FBF-492C-B03F-E23FB2546684}
		{E79CE1D8-C635-443C-916B-96C9D4386DC3} = {01492A21-4AA2-46AD-9F6E-D2AEBEBAFF67}
	EndGlobalSection
	GlobalSection(ExtensibilityGlobals) = postSolution
		SolutionGuid = {D19477A8-0BA8-4E5B-B644-70F4B7915F98}
	EndGlobalSection
EndGlobal
